
Microsoft Visual Studio Solution File, Format Version 12.00
# Visual Studio Version 16
VisualStudioVersion = 16.0.31205.134
MinimumVisualStudioVersion = 10.0.40219.1
Project("{9A19103F-16F7-4668-BE54-9A1E7A4F7556}") = "RabbitMQ.WebAPI", "RabbitMQ.WebAPI\RabbitMQ.WebAPI.csproj", "{685ECBAC-E167-4407-8505-43024E5E9C76}"
EndProject
Project("{2150E333-8FDC-42A3-9474-1A3956D46DE8}") = "HelloWorld", "HelloWorld", "{90F6095F-5632-4F13-892B-B68B937DB7FA}"
EndProject
Project("{9A19103F-16F7-4668-BE54-9A1E7A4F7556}") = "Send", "Send\Send.csproj", "{5A37A8A4-5BC2-450B-B4A3-7DA3196ABC69}"
EndProject
Project("{9A19103F-16F7-4668-BE54-9A1E7A4F7556}") = "Receive", "Receive\Receive.csproj", "{713A68A8-C9CB-464A-81CC-521F49984A52}"
EndProject
Project("{2150E333-8FDC-42A3-9474-1A3956D46DE8}") = "WorkQueues", "WorkQueues", "{A329328A-B946-481B-84FB-A4F73C8854A0}"
EndProject
Project("{9A19103F-16F7-4668-BE54-9A1E7A4F7556}") = "NewTask", "NewTask\NewTask.csproj", "{A73BD175-EEA2-426A-87EC-FB2A70F8DA4B}"
EndProject
Project("{9A19103F-16F7-4668-BE54-9A1E7A4F7556}") = "Worker", "Worker\Worker.csproj", "{BE081E7B-CEAC-45F6-BAE6-6E62CABDD276}"
EndProject
Project("{2150E333-8FDC-42A3-9474-1A3956D46DE8}") = "PublishSubscribe", "PublishSubscribe", "{A293E61C-64DA-4A2C-8181-975CBFA1121B}"
EndProject
Project("{FAE04EC0-301F-11D3-BF4B-00C04F79EFBC}") = "EmitLog", "EmitLog\EmitLog.csproj", "{9F14C7E6-0C90-4E0E-A27F-89CE705B7B30}"
EndProject
Project("{FAE04EC0-301F-11D3-BF4B-00C04F79EFBC}") = "ReceiveLogs", "ReceiveLogs\ReceiveLogs.csproj", "{EECF64D7-22A2-4C30-B650-37B211E2CAF2}"
EndProject
Global
	GlobalSection(SolutionConfigurationPlatforms) = preSolution
		Debug|Any CPU = Debug|Any CPU
		Release|Any CPU = Release|Any CPU
	EndGlobalSection
	GlobalSection(ProjectConfigurationPlatforms) = postSolution
		{685ECBAC-E167-4407-8505-43024E5E9C76}.Debug|Any CPU.ActiveCfg = Debug|Any CPU
		{685ECBAC-E167-4407-8505-43024E5E9C76}.Debug|Any CPU.Build.0 = Debug|Any CPU
		{685ECBAC-E167-4407-8505-43024E5E9C76}.Release|Any CPU.ActiveCfg = Release|Any CPU
		{685ECBAC-E167-4407-8505-43024E5E9C76}.Release|Any CPU.Build.0 = Release|Any CPU
		{5A37A8A4-5BC2-450B-B4A3-7DA3196ABC69}.Debug|Any CPU.ActiveCfg = Debug|Any CPU
		{5A37A8A4-5BC2-450B-B4A3-7DA3196ABC69}.Debug|Any CPU.Build.0 = Debug|Any CPU
		{5A37A8A4-5BC2-450B-B4A3-7DA3196ABC69}.Release|Any CPU.ActiveCfg = Release|Any CPU
		{5A37A8A4-5BC2-450B-B4A3-7DA3196ABC69}.Release|Any CPU.Build.0 = Release|Any CPU
		{713A68A8-C9CB-464A-81CC-521F49984A52}.Debug|Any CPU.ActiveCfg = Debug|Any CPU
		{713A68A8-C9CB-464A-81CC-521F49984A52}.Debug|Any CPU.Build.0 = Debug|Any CPU
		{713A68A8-C9CB-464A-81CC-521F49984A52}.Release|Any CPU.ActiveCfg = Release|Any CPU
		{713A68A8-C9CB-464A-81CC-521F49984A52}.Release|Any CPU.Build.0 = Release|Any CPU
		{A73BD175-EEA2-426A-87EC-FB2A70F8DA4B}.Debug|Any CPU.ActiveCfg = Debug|Any CPU
		{A73BD175-EEA2-426A-87EC-FB2A70F8DA4B}.Debug|Any CPU.Build.0 = Debug|Any CPU
		{A73BD175-EEA2-426A-87EC-FB2A70F8DA4B}.Release|Any CPU.ActiveCfg = Release|Any CPU
		{A73BD175-EEA2-426A-87EC-FB2A70F8DA4B}.Release|Any CPU.Build.0 = Release|Any CPU
		{BE081E7B-CEAC-45F6-BAE6-6E62CABDD276}.Debug|Any CPU.ActiveCfg = Debug|Any CPU
		{BE081E7B-CEAC-45F6-BAE6-6E62CABDD276}.Debug|Any CPU.Build.0 = Debug|Any CPU
		{BE081E7B-CEAC-45F6-BAE6-6E62CABDD276}.Release|Any CPU.ActiveCfg = Release|Any CPU
		{BE081E7B-CEAC-45F6-BAE6-6E62CABDD276}.Release|Any CPU.Build.0 = Release|Any CPU
		{9F14C7E6-0C90-4E0E-A27F-89CE705B7B30}.Debug|Any CPU.ActiveCfg = Debug|Any CPU
		{9F14C7E6-0C90-4E0E-A27F-89CE705B7B30}.Debug|Any CPU.Build.0 = Debug|Any CPU
		{9F14C7E6-0C90-4E0E-A27F-89CE705B7B30}.Release|Any CPU.ActiveCfg = Release|Any CPU
		{9F14C7E6-0C90-4E0E-A27F-89CE705B7B30}.Release|Any CPU.Build.0 = Release|Any CPU
		{EECF64D7-22A2-4C30-B650-37B211E2CAF2}.Debug|Any CPU.ActiveCfg = Debug|Any CPU
		{EECF64D7-22A2-4C30-B650-37B211E2CAF2}.Debug|Any CPU.Build.0 = Debug|Any CPU
		{EECF64D7-22A2-4C30-B650-37B211E2CAF2}.Release|Any CPU.ActiveCfg = Release|Any CPU
		{EECF64D7-22A2-4C30-B650-37B211E2CAF2}.Release|Any CPU.Build.0 = Release|Any CPU
	EndGlobalSection
	GlobalSection(SolutionProperties) = preSolution
		HideSolutionNode = FALSE
	EndGlobalSection
	GlobalSection(NestedProjects) = preSolution
		{5A37A8A4-5BC2-450B-B4A3-7DA3196ABC69} = {90F6095F-5632-4F13-892B-B68B937DB7FA}
		{713A68A8-C9CB-464A-81CC-521F49984A52} = {90F6095F-5632-4F13-892B-B68B937DB7FA}
		{A73BD175-EEA2-426A-87EC-FB2A70F8DA4B} = {A329328A-B946-481B-84FB-A4F73C8854A0}
		{BE081E7B-CEAC-45F6-BAE6-6E62CABDD276} = {A329328A-B946-481B-84FB-A4F73C8854A0}
		{9F14C7E6-0C90-4E0E-A27F-89CE705B7B30} = {A293E61C-64DA-4A2C-8181-975CBFA1121B}
		{EECF64D7-22A2-4C30-B650-37B211E2CAF2} = {A293E61C-64DA-4A2C-8181-975CBFA1121B}
	EndGlobalSection
	GlobalSection(ExtensibilityGlobals) = postSolution
		SolutionGuid = {D9AABB4A-760F-48A3-BC2E-E3678D776177}
	EndGlobalSection
EndGlobal
